
Microsoft Visual Studio Solution File, Format Version 12.00
# Visual Studio Version 17
VisualStudioVersion = 17.4.33122.133
MinimumVisualStudioVersion = 10.0.40219.1
Project("{FAE04EC0-301F-11D3-BF4B-00C04F79EFBC}") = "consume", "consume\consume.csproj", "{4FA37073-0005-404B-ACDB-B4BC804E63CD}"
EndProject
Global
	GlobalSection(SolutionConfigurationPlatforms) = preSolution
		Debug|Any CPU = Debug|Any CPU
		Release|Any CPU = Release|Any CPU
	EndGlobalSection
	GlobalSection(ProjectConfigurationPlatforms) = postSolution
		{4FA37073-0005-404B-ACDB-B4BC804E63CD}.Debug|Any CPU.ActiveCfg = Debug|Any CPU
		{4FA37073-0005-404B-ACDB-B4BC804E63CD}.Debug|Any CPU.Build.0 = Debug|Any CPU
		{4FA37073-0005-404B-ACDB-B4BC804E63CD}.Release|Any CPU.ActiveCfg = Release|Any CPU
		{4FA37073-0005-404B-ACDB-B4BC804E63CD}.Release|Any CPU.Build.0 = Release|Any CPU
	EndGlobalSection
	GlobalSection(SolutionProperties) = preSolution
		HideSolutionNode = FALSE
	EndGlobalSection
	GlobalSection(ExtensibilityGlobals) = postSolution
		SolutionGuid = {D9B22379-E470-483C-B0AC-42C2AFC67CF8}
	EndGlobalSection
EndGlobal
